
Microsoft Visual Studio Solution File, Format Version 12.00
# Visual Studio 2012
Project("{FAE04EC0-301F-11D3-BF4B-00C04F79EFBC}") = "ProgramServer", "ProgramServer\ProgramServer.csproj", "{2B969B00-D3F0-4157-A9B4-9BCACC19BE60}"
EndProject
Project("{FAE04EC0-301F-11D3-BF4B-00C04F79EFBC}") = "ManagedWifi", "ssid\ManagedWifi.csproj", "{6AA425C9-EA6A-4B01-AAED-5FF122E8B663}"
EndProject
Global
	GlobalSection(SolutionConfigurationPlatforms) = preSolution
		Debug|Any CPU = Debug|Any CPU
		Debug|Mixed Platforms = Debug|Mixed Platforms
		Debug|x64 = Debug|x64
		Release|Any CPU = Release|Any CPU
		Release|Mixed Platforms = Release|Mixed Platforms
		Release|x64 = Release|x64
	EndGlobalSection
	GlobalSection(ProjectConfigurationPlatforms) = postSolution
		{2B969B00-D3F0-4157-A9B4-9BCACC19BE60}.Debug|Any CPU.ActiveCfg = Debug|Any CPU
		{2B969B00-D3F0-4157-A9B4-9BCACC19BE60}.Debug|Any CPU.Build.0 = Debug|Any CPU
		{2B969B00-D3F0-4157-A9B4-9BCACC19BE60}.Debug|Mixed Platforms.ActiveCfg = Debug|Any CPU
		{2B969B00-D3F0-4157-A9B4-9BCACC19BE60}.Debug|Mixed Platforms.Build.0 = Debug|Any CPU
		{2B969B00-D3F0-4157-A9B4-9BCACC19BE60}.Debug|x64.ActiveCfg = Debug|x64
		{2B969B00-D3F0-4157-A9B4-9BCACC19BE60}.Debug|x64.Build.0 = Debug|x64
		{2B969B00-D3F0-4157-A9B4-9BCACC19BE60}.Release|Any CPU.ActiveCfg = Release|Any CPU
		{2B969B00-D3F0-4157-A9B4-9BCACC19BE60}.Release|Any CPU.Build.0 = Release|Any CPU
		{2B969B00-D3F0-4157-A9B4-9BCACC19BE60}.Release|Mixed Platforms.ActiveCfg = Release|Any CPU
		{2B969B00-D3F0-4157-A9B4-9BCACC19BE60}.Release|Mixed Platforms.Build.0 = Release|Any CPU
		{2B969B00-D3F0-4157-A9B4-9BCACC19BE60}.Release|x64.ActiveCfg = Release|x64
		{2B969B00-D3F0-4157-A9B4-9BCACC19BE60}.Release|x64.Build.0 = Release|x64
		{6AA425C9-EA6A-4B01-AAED-5FF122E8B663}.Debug|Any CPU.ActiveCfg = Debug|Any CPU
		{6AA425C9-EA6A-4B01-AAED-5FF122E8B663}.Debug|Any CPU.Build.0 = Debug|Any CPU
		{6AA425C9-EA6A-4B01-AAED-5FF122E8B663}.Debug|Mixed Platforms.ActiveCfg = Debug|Any CPU
		{6AA425C9-EA6A-4B01-AAED-5FF122E8B663}.Debug|Mixed Platforms.Build.0 = Debug|Any CPU
		{6AA425C9-EA6A-4B01-AAED-5FF122E8B663}.Debug|x64.ActiveCfg = Debug|Any CPU
		{6AA425C9-EA6A-4B01-AAED-5FF122E8B663}.Release|Any CPU.ActiveCfg = Release|Any CPU
		{6AA425C9-EA6A-4B01-AAED-5FF122E8B663}.Release|Any CPU.Build.0 = Release|Any CPU
		{6AA425C9-EA6A-4B01-AAED-5FF122E8B663}.Release|Mixed Platforms.ActiveCfg = Release|Any CPU
		{6AA425C9-EA6A-4B01-AAED-5FF122E8B663}.Release|Mixed Platforms.Build.0 = Release|Any CPU
		{6AA425C9-EA6A-4B01-AAED-5FF122E8B663}.Release|x64.ActiveCfg = Release|Any CPU
	EndGlobalSection
	GlobalSection(SolutionProperties) = preSolution
		HideSolutionNode = FALSE
	EndGlobalSection
EndGlobal
